
Microsoft Visual Studio Solution File, Format Version 12.00
# Visual Studio 15
VisualStudioVersion = 15.0.26430.14
MinimumVisualStudioVersion = 10.0.40219.1
Project("{FAE04EC0-301F-11D3-BF4B-00C04F79EFBC}") = "Diaballik", "Diaballik\Diaballik.csproj", "{3D2347F7-74E0-4BD2-BC82-6C8A99491153}"
	ProjectSection(ProjectDependencies) = postProject
		{81E670FE-8518-4C71-B28D-D3D6AC90C790} = {81E670FE-8518-4C71-B28D-D3D6AC90C790}
	EndProjectSection
EndProject
Project("{FAE04EC0-301F-11D3-BF4B-00C04F79EFBC}") = "DiaballikTest", "DiaballikTest\DiaballikTest.csproj", "{291B7D66-247B-42E1-8A97-B24C7952183C}"
	ProjectSection(ProjectDependencies) = postProject
		{81E670FE-8518-4C71-B28D-D3D6AC90C790} = {81E670FE-8518-4C71-B28D-D3D6AC90C790}
	EndProjectSection
EndProject
Project("{8BC9CEB8-8B4A-11D0-8D11-00A0C91BC942}") = "libCPP", "libCPP\libCPPP.vcxproj", "{81E670FE-8518-4C71-B28D-D3D6AC90C790}"
EndProject
Project("{FAE04EC0-301F-11D3-BF4B-00C04F79EFBC}") = "TestWrapper", "TestWrapper\TestWrapper.csproj", "{9EDC1B31-95BC-4E60-A9E6-797CED3AE95C}"
	ProjectSection(ProjectDependencies) = postProject
		{81E670FE-8518-4C71-B28D-D3D6AC90C790} = {81E670FE-8518-4C71-B28D-D3D6AC90C790}
	EndProjectSection
EndProject
Project("{FAE04EC0-301F-11D3-BF4B-00C04F79EFBC}") = "WPFDiaballik", "WPFDiaballik\WPFDiaballik.csproj", "{D46665B6-C818-4C1A-8A65-B0E2BA32FA56}"
EndProject
Global
	GlobalSection(SolutionConfigurationPlatforms) = preSolution
		Debug|Any CPU = Debug|Any CPU
		Debug|x86 = Debug|x86
		Release|Any CPU = Release|Any CPU
		Release|x86 = Release|x86
	EndGlobalSection
	GlobalSection(ProjectConfigurationPlatforms) = postSolution
		{3D2347F7-74E0-4BD2-BC82-6C8A99491153}.Debug|Any CPU.ActiveCfg = Debug|Any CPU
		{3D2347F7-74E0-4BD2-BC82-6C8A99491153}.Debug|Any CPU.Build.0 = Debug|Any CPU
		{3D2347F7-74E0-4BD2-BC82-6C8A99491153}.Debug|x86.ActiveCfg = Debug|Any CPU
		{3D2347F7-74E0-4BD2-BC82-6C8A99491153}.Debug|x86.Build.0 = Debug|Any CPU
		{3D2347F7-74E0-4BD2-BC82-6C8A99491153}.Release|Any CPU.ActiveCfg = Release|Any CPU
		{3D2347F7-74E0-4BD2-BC82-6C8A99491153}.Release|Any CPU.Build.0 = Release|Any CPU
		{3D2347F7-74E0-4BD2-BC82-6C8A99491153}.Release|x86.ActiveCfg = Release|Any CPU
		{3D2347F7-74E0-4BD2-BC82-6C8A99491153}.Release|x86.Build.0 = Release|Any CPU
		{291B7D66-247B-42E1-8A97-B24C7952183C}.Debug|Any CPU.ActiveCfg = Debug|Any CPU
		{291B7D66-247B-42E1-8A97-B24C7952183C}.Debug|Any CPU.Build.0 = Debug|Any CPU
		{291B7D66-247B-42E1-8A97-B24C7952183C}.Debug|x86.ActiveCfg = Debug|Any CPU
		{291B7D66-247B-42E1-8A97-B24C7952183C}.Debug|x86.Build.0 = Debug|Any CPU
		{291B7D66-247B-42E1-8A97-B24C7952183C}.Release|Any CPU.ActiveCfg = Release|Any CPU
		{291B7D66-247B-42E1-8A97-B24C7952183C}.Release|Any CPU.Build.0 = Release|Any CPU
		{291B7D66-247B-42E1-8A97-B24C7952183C}.Release|x86.ActiveCfg = Release|Any CPU
		{291B7D66-247B-42E1-8A97-B24C7952183C}.Release|x86.Build.0 = Release|Any CPU
		{81E670FE-8518-4C71-B28D-D3D6AC90C790}.Debug|Any CPU.ActiveCfg = Debug|Win32
		{81E670FE-8518-4C71-B28D-D3D6AC90C790}.Debug|Any CPU.Build.0 = Debug|Win32
		{81E670FE-8518-4C71-B28D-D3D6AC90C790}.Debug|x86.ActiveCfg = Debug|Win32
		{81E670FE-8518-4C71-B28D-D3D6AC90C790}.Debug|x86.Build.0 = Debug|Win32
		{81E670FE-8518-4C71-B28D-D3D6AC90C790}.Release|Any CPU.ActiveCfg = Release|Win32
		{81E670FE-8518-4C71-B28D-D3D6AC90C790}.Release|x86.ActiveCfg = Release|Win32
		{81E670FE-8518-4C71-B28D-D3D6AC90C790}.Release|x86.Build.0 = Release|Win32
		{9EDC1B31-95BC-4E60-A9E6-797CED3AE95C}.Debug|Any CPU.ActiveCfg = Debug|Any CPU
		{9EDC1B31-95BC-4E60-A9E6-797CED3AE95C}.Debug|Any CPU.Build.0 = Debug|Any CPU
		{9EDC1B31-95BC-4E60-A9E6-797CED3AE95C}.Debug|x86.ActiveCfg = Debug|Any CPU
		{9EDC1B31-95BC-4E60-A9E6-797CED3AE95C}.Debug|x86.Build.0 = Debug|Any CPU
		{9EDC1B31-95BC-4E60-A9E6-797CED3AE95C}.Release|Any CPU.ActiveCfg = Release|Any CPU
		{9EDC1B31-95BC-4E60-A9E6-797CED3AE95C}.Release|Any CPU.Build.0 = Release|Any CPU
		{9EDC1B31-95BC-4E60-A9E6-797CED3AE95C}.Release|x86.ActiveCfg = Release|Any CPU
		{9EDC1B31-95BC-4E60-A9E6-797CED3AE95C}.Release|x86.Build.0 = Release|Any CPU
		{D46665B6-C818-4C1A-8A65-B0E2BA32FA56}.Debug|Any CPU.ActiveCfg = Debug|Any CPU
		{D46665B6-C818-4C1A-8A65-B0E2BA32FA56}.Debug|Any CPU.Build.0 = Debug|Any CPU
		{D46665B6-C818-4C1A-8A65-B0E2BA32FA56}.Debug|x86.ActiveCfg = Debug|Any CPU
		{D46665B6-C818-4C1A-8A65-B0E2BA32FA56}.Debug|x86.Build.0 = Debug|Any CPU
		{D46665B6-C818-4C1A-8A65-B0E2BA32FA56}.Release|Any CPU.ActiveCfg = Release|Any CPU
		{D46665B6-C818-4C1A-8A65-B0E2BA32FA56}.Release|Any CPU.Build.0 = Release|Any CPU
		{D46665B6-C818-4C1A-8A65-B0E2BA32FA56}.Release|x86.ActiveCfg = Release|Any CPU
		{D46665B6-C818-4C1A-8A65-B0E2BA32FA56}.Release|x86.Build.0 = Release|Any CPU
	EndGlobalSection
	GlobalSection(SolutionProperties) = preSolution
		HideSolutionNode = FALSE
	EndGlobalSection
	GlobalSection(ExtensibilityGlobals) = postSolution
		SolutionGuid = {727D1F11-64DC-4760-8034-72EDE36997BF}
	EndGlobalSection
EndGlobal
